
Microsoft Visual Studio Solution File, Format Version 12.00
# Visual Studio 14
VisualStudioVersion = 14.0.25420.1
MinimumVisualStudioVersion = 10.0.40219.1
Project("{FAE04EC0-301F-11D3-BF4B-00C04F79EFBC}") = "apppoo", "apppoo\apppoo.csproj", "{83FC2FB1-D633-4226-BBB3-58114685D3F3}"
EndProject
Project("{FAE04EC0-301F-11D3-BF4B-00C04F79EFBC}") = "appcalculadora", "appcalculadora\appcalculadora.csproj", "{898D515A-FB6E-4E19-98C9-6F0D13B742B5}"
EndProject
Project("{FAE04EC0-301F-11D3-BF4B-00C04F79EFBC}") = "appcalculadoratestx", "appcalculadoratestx\appcalculadoratestx.csproj", "{B1DDFEB0-5E71-461E-A89A-84896ABA1E6D}"
EndProject
Project("{FAE04EC0-301F-11D3-BF4B-00C04F79EFBC}") = "appcalculadoratest", "appcalculadoratest\appcalculadoratest.csproj", "{88BCEF2F-1B3D-4F0B-99EC-79233C498049}"
EndProject
Project("{FAE04EC0-301F-11D3-BF4B-00C04F79EFBC}") = "Conjuntos", "Conjuntos\Conjuntos.csproj", "{90E193F8-63E9-4DEB-BAC6-6B3B6D84B86F}"
EndProject
Project("{FAE04EC0-301F-11D3-BF4B-00C04F79EFBC}") = "ConjuntoTest", "ConjuntoTest\ConjuntoTest.csproj", "{0D557D46-7C54-4518-884E-E165DEBED9F6}"
EndProject
Project("{FAE04EC0-301F-11D3-BF4B-00C04F79EFBC}") = "MOQ", "MOQ\MOQ.csproj", "{C9C14E1A-8F54-4026-BF32-EDAB229DEDF9}"
EndProject
Global
	GlobalSection(SolutionConfigurationPlatforms) = preSolution
		Debug|Any CPU = Debug|Any CPU
		Release|Any CPU = Release|Any CPU
	EndGlobalSection
	GlobalSection(ProjectConfigurationPlatforms) = postSolution
		{83FC2FB1-D633-4226-BBB3-58114685D3F3}.Debug|Any CPU.ActiveCfg = Debug|Any CPU
		{83FC2FB1-D633-4226-BBB3-58114685D3F3}.Debug|Any CPU.Build.0 = Debug|Any CPU
		{83FC2FB1-D633-4226-BBB3-58114685D3F3}.Release|Any CPU.ActiveCfg = Release|Any CPU
		{83FC2FB1-D633-4226-BBB3-58114685D3F3}.Release|Any CPU.Build.0 = Release|Any CPU
		{898D515A-FB6E-4E19-98C9-6F0D13B742B5}.Debug|Any CPU.ActiveCfg = Debug|Any CPU
		{898D515A-FB6E-4E19-98C9-6F0D13B742B5}.Debug|Any CPU.Build.0 = Debug|Any CPU
		{898D515A-FB6E-4E19-98C9-6F0D13B742B5}.Release|Any CPU.ActiveCfg = Release|Any CPU
		{898D515A-FB6E-4E19-98C9-6F0D13B742B5}.Release|Any CPU.Build.0 = Release|Any CPU
		{B1DDFEB0-5E71-461E-A89A-84896ABA1E6D}.Debug|Any CPU.ActiveCfg = Debug|Any CPU
		{B1DDFEB0-5E71-461E-A89A-84896ABA1E6D}.Debug|Any CPU.Build.0 = Debug|Any CPU
		{B1DDFEB0-5E71-461E-A89A-84896ABA1E6D}.Release|Any CPU.ActiveCfg = Release|Any CPU
		{B1DDFEB0-5E71-461E-A89A-84896ABA1E6D}.Release|Any CPU.Build.0 = Release|Any CPU
		{88BCEF2F-1B3D-4F0B-99EC-79233C498049}.Debug|Any CPU.ActiveCfg = Debug|Any CPU
		{88BCEF2F-1B3D-4F0B-99EC-79233C498049}.Debug|Any CPU.Build.0 = Debug|Any CPU
		{88BCEF2F-1B3D-4F0B-99EC-79233C498049}.Release|Any CPU.ActiveCfg = Release|Any CPU
		{88BCEF2F-1B3D-4F0B-99EC-79233C498049}.Release|Any CPU.Build.0 = Release|Any CPU
		{90E193F8-63E9-4DEB-BAC6-6B3B6D84B86F}.Debug|Any CPU.ActiveCfg = Debug|Any CPU
		{90E193F8-63E9-4DEB-BAC6-6B3B6D84B86F}.Debug|Any CPU.Build.0 = Debug|Any CPU
		{90E193F8-63E9-4DEB-BAC6-6B3B6D84B86F}.Release|Any CPU.ActiveCfg = Release|Any CPU
		{90E193F8-63E9-4DEB-BAC6-6B3B6D84B86F}.Release|Any CPU.Build.0 = Release|Any CPU
		{0D557D46-7C54-4518-884E-E165DEBED9F6}.Debug|Any CPU.ActiveCfg = Debug|Any CPU
		{0D557D46-7C54-4518-884E-E165DEBED9F6}.Debug|Any CPU.Build.0 = Debug|Any CPU
		{0D557D46-7C54-4518-884E-E165DEBED9F6}.Release|Any CPU.ActiveCfg = Release|Any CPU
		{0D557D46-7C54-4518-884E-E165DEBED9F6}.Release|Any CPU.Build.0 = Release|Any CPU
		{C9C14E1A-8F54-4026-BF32-EDAB229DEDF9}.Debug|Any CPU.ActiveCfg = Debug|Any CPU
		{C9C14E1A-8F54-4026-BF32-EDAB229DEDF9}.Debug|Any CPU.Build.0 = Debug|Any CPU
		{C9C14E1A-8F54-4026-BF32-EDAB229DEDF9}.Release|Any CPU.ActiveCfg = Release|Any CPU
		{C9C14E1A-8F54-4026-BF32-EDAB229DEDF9}.Release|Any CPU.Build.0 = Release|Any CPU
	EndGlobalSection
	GlobalSection(SolutionProperties) = preSolution
		HideSolutionNode = FALSE
	EndGlobalSection
EndGlobal
