
Microsoft Visual Studio Solution File, Format Version 12.00
# Visual Studio 2013
VisualStudioVersion = 12.0.21005.1
MinimumVisualStudioVersion = 10.0.40219.1
Project("{FAE04EC0-301F-11D3-BF4B-00C04F79EFBC}") = "apppoo", "apppoo\apppoo.csproj", "{83FC2FB1-D633-4226-BBB3-58114685D3F3}"
EndProject
Project("{FAE04EC0-301F-11D3-BF4B-00C04F79EFBC}") = "appCalculadora", "appCalculadora\appCalculadora.csproj", "{4D26D5B9-1B8E-4B62-8A88-A249D7DE363B}"
EndProject
Project("{FAE04EC0-301F-11D3-BF4B-00C04F79EFBC}") = "appCalculadoraTestx", "appCalculadoraTestx\appCalculadoraTestx.csproj", "{DB092331-1527-4676-AE60-34949AA3CA99}"
EndProject
Project("{FAE04EC0-301F-11D3-BF4B-00C04F79EFBC}") = "appcalculadoraTest", "appcalculadoraTest\appcalculadoraTest.csproj", "{93FBFADA-3F69-4189-B52B-9A5CE32608C5}"
EndProject
Project("{FAE04EC0-301F-11D3-BF4B-00C04F79EFBC}") = "AppOperacionesConjuntos", "AppOperacionesConjuntos\AppOperacionesConjuntos.csproj", "{5C99E93E-25E9-4A26-A96B-5AFED20D2CF1}"
EndProject
Project("{FAE04EC0-301F-11D3-BF4B-00C04F79EFBC}") = "AppOperacionesConjuntosTest", "AppOperacionesConjuntosTest\AppOperacionesConjuntosTest.csproj", "{C0E98D91-A9C1-42A5-AEA0-AC5E4A856BB6}"
EndProject
Project("{FAE04EC0-301F-11D3-BF4B-00C04F79EFBC}") = "DataAccessLayer", "DataAccessLayer\DataAccessLayer.csproj", "{F2005E10-5BFA-4DF8-AF7E-2E68193DF13B}"
EndProject
Project("{FAE04EC0-301F-11D3-BF4B-00C04F79EFBC}") = "DataAccessLayerTest", "DataAccessLayerTest\DataAccessLayerTest.csproj", "{26D2F4F1-42F7-450B-9C3A-E26609C0E259}"
EndProject
Global
	GlobalSection(SolutionConfigurationPlatforms) = preSolution
		Debug|Any CPU = Debug|Any CPU
		Release|Any CPU = Release|Any CPU
	EndGlobalSection
	GlobalSection(ProjectConfigurationPlatforms) = postSolution
		{83FC2FB1-D633-4226-BBB3-58114685D3F3}.Debug|Any CPU.ActiveCfg = Debug|Any CPU
		{83FC2FB1-D633-4226-BBB3-58114685D3F3}.Debug|Any CPU.Build.0 = Debug|Any CPU
		{83FC2FB1-D633-4226-BBB3-58114685D3F3}.Release|Any CPU.ActiveCfg = Release|Any CPU
		{83FC2FB1-D633-4226-BBB3-58114685D3F3}.Release|Any CPU.Build.0 = Release|Any CPU
		{4D26D5B9-1B8E-4B62-8A88-A249D7DE363B}.Debug|Any CPU.ActiveCfg = Debug|Any CPU
		{4D26D5B9-1B8E-4B62-8A88-A249D7DE363B}.Debug|Any CPU.Build.0 = Debug|Any CPU
		{4D26D5B9-1B8E-4B62-8A88-A249D7DE363B}.Release|Any CPU.ActiveCfg = Release|Any CPU
		{4D26D5B9-1B8E-4B62-8A88-A249D7DE363B}.Release|Any CPU.Build.0 = Release|Any CPU
		{DB092331-1527-4676-AE60-34949AA3CA99}.Debug|Any CPU.ActiveCfg = Debug|Any CPU
		{DB092331-1527-4676-AE60-34949AA3CA99}.Debug|Any CPU.Build.0 = Debug|Any CPU
		{DB092331-1527-4676-AE60-34949AA3CA99}.Release|Any CPU.ActiveCfg = Release|Any CPU
		{DB092331-1527-4676-AE60-34949AA3CA99}.Release|Any CPU.Build.0 = Release|Any CPU
		{93FBFADA-3F69-4189-B52B-9A5CE32608C5}.Debug|Any CPU.ActiveCfg = Debug|Any CPU
		{93FBFADA-3F69-4189-B52B-9A5CE32608C5}.Debug|Any CPU.Build.0 = Debug|Any CPU
		{93FBFADA-3F69-4189-B52B-9A5CE32608C5}.Release|Any CPU.ActiveCfg = Release|Any CPU
		{93FBFADA-3F69-4189-B52B-9A5CE32608C5}.Release|Any CPU.Build.0 = Release|Any CPU
		{5C99E93E-25E9-4A26-A96B-5AFED20D2CF1}.Debug|Any CPU.ActiveCfg = Debug|Any CPU
		{5C99E93E-25E9-4A26-A96B-5AFED20D2CF1}.Debug|Any CPU.Build.0 = Debug|Any CPU
		{5C99E93E-25E9-4A26-A96B-5AFED20D2CF1}.Release|Any CPU.ActiveCfg = Release|Any CPU
		{5C99E93E-25E9-4A26-A96B-5AFED20D2CF1}.Release|Any CPU.Build.0 = Release|Any CPU
		{C0E98D91-A9C1-42A5-AEA0-AC5E4A856BB6}.Debug|Any CPU.ActiveCfg = Debug|Any CPU
		{C0E98D91-A9C1-42A5-AEA0-AC5E4A856BB6}.Debug|Any CPU.Build.0 = Debug|Any CPU
		{C0E98D91-A9C1-42A5-AEA0-AC5E4A856BB6}.Release|Any CPU.ActiveCfg = Release|Any CPU
		{C0E98D91-A9C1-42A5-AEA0-AC5E4A856BB6}.Release|Any CPU.Build.0 = Release|Any CPU
		{F2005E10-5BFA-4DF8-AF7E-2E68193DF13B}.Debug|Any CPU.ActiveCfg = Debug|Any CPU
		{F2005E10-5BFA-4DF8-AF7E-2E68193DF13B}.Debug|Any CPU.Build.0 = Debug|Any CPU
		{F2005E10-5BFA-4DF8-AF7E-2E68193DF13B}.Release|Any CPU.ActiveCfg = Release|Any CPU
		{F2005E10-5BFA-4DF8-AF7E-2E68193DF13B}.Release|Any CPU.Build.0 = Release|Any CPU
		{26D2F4F1-42F7-450B-9C3A-E26609C0E259}.Debug|Any CPU.ActiveCfg = Debug|Any CPU
		{26D2F4F1-42F7-450B-9C3A-E26609C0E259}.Debug|Any CPU.Build.0 = Debug|Any CPU
		{26D2F4F1-42F7-450B-9C3A-E26609C0E259}.Release|Any CPU.ActiveCfg = Release|Any CPU
		{26D2F4F1-42F7-450B-9C3A-E26609C0E259}.Release|Any CPU.Build.0 = Release|Any CPU
	EndGlobalSection
	GlobalSection(SolutionProperties) = preSolution
		HideSolutionNode = FALSE
	EndGlobalSection
EndGlobal
